
Microsoft Visual Studio Solution File, Format Version 11.00
# Visual Studio 2010
Project("{FAE04EC0-301F-11D3-BF4B-00C04F79EFBC}") = "DataTablesConcept", "DataTablesConcept\DataTablesConcept.csproj", "{AE161B0D-5BE1-4AA0-A91E-A00D8DA78FE3}"
EndProject
Project("{FAE04EC0-301F-11D3-BF4B-00C04F79EFBC}") = "DataTablesHelper", "DataTablesHelper\DataTablesHelper.csproj", "{38F6E3C5-9147-4D7D-A615-29762A6E3833}"
EndProject
Global
	GlobalSection(SolutionConfigurationPlatforms) = preSolution
		Debug|Any CPU = Debug|Any CPU
		Release|Any CPU = Release|Any CPU
	EndGlobalSection
	GlobalSection(ProjectConfigurationPlatforms) = postSolution
		{AE161B0D-5BE1-4AA0-A91E-A00D8DA78FE3}.Debug|Any CPU.ActiveCfg = Debug|Any CPU
		{AE161B0D-5BE1-4AA0-A91E-A00D8DA78FE3}.Debug|Any CPU.Build.0 = Debug|Any CPU
		{AE161B0D-5BE1-4AA0-A91E-A00D8DA78FE3}.Release|Any CPU.ActiveCfg = Release|Any CPU
		{AE161B0D-5BE1-4AA0-A91E-A00D8DA78FE3}.Release|Any CPU.Build.0 = Release|Any CPU
		{38F6E3C5-9147-4D7D-A615-29762A6E3833}.Debug|Any CPU.ActiveCfg = Debug|Any CPU
		{38F6E3C5-9147-4D7D-A615-29762A6E3833}.Debug|Any CPU.Build.0 = Debug|Any CPU
		{38F6E3C5-9147-4D7D-A615-29762A6E3833}.Release|Any CPU.ActiveCfg = Release|Any CPU
		{38F6E3C5-9147-4D7D-A615-29762A6E3833}.Release|Any CPU.Build.0 = Release|Any CPU
	EndGlobalSection
	GlobalSection(SolutionProperties) = preSolution
		HideSolutionNode = FALSE
	EndGlobalSection
EndGlobal
